
Microsoft Visual Studio Solution File, Format Version 12.00
# Visual Studio 15
VisualStudioVersion = 15.0.28307.421
MinimumVisualStudioVersion = 10.0.40219.1
Project("{FAE04EC0-301F-11D3-BF4B-00C04F79EFBC}") = "HAFH", "HAFH\HAFH.csproj", "{DB9A952D-0093-432C-9ADD-491963D43BC7}"
EndProject
Global
	GlobalSection(SolutionConfigurationPlatforms) = preSolution
		Debug|Any CPU = Debug|Any CPU
		Release|Any CPU = Release|Any CPU
	EndGlobalSection
	GlobalSection(ProjectConfigurationPlatforms) = postSolution
		{DB9A952D-0093-432C-9ADD-491963D43BC7}.Debug|Any CPU.ActiveCfg = Debug|Any CPU
		{DB9A952D-0093-432C-9ADD-491963D43BC7}.Debug|Any CPU.Build.0 = Debug|Any CPU
		{DB9A952D-0093-432C-9ADD-491963D43BC7}.Release|Any CPU.ActiveCfg = Release|Any CPU
		{DB9A952D-0093-432C-9ADD-491963D43BC7}.Release|Any CPU.Build.0 = Release|Any CPU
	EndGlobalSection
	GlobalSection(SolutionProperties) = preSolution
		HideSolutionNode = FALSE
	EndGlobalSection
	GlobalSection(ExtensibilityGlobals) = postSolution
		SolutionGuid = {B2A92F91-3191-4A0C-9892-2396B6FB4BCA}
	EndGlobalSection
EndGlobal
